
Microsoft Visual Studio Solution File, Format Version 12.00
# Visual Studio Version 17
VisualStudioVersion = 17.0.31919.166
MinimumVisualStudioVersion = 10.0.40219.1
Project("{FAE04EC0-301F-11D3-BF4B-00C04F79EFBC}") = "TaskManager.Domain", "src\TaskManager.Domain\TaskManager.Domain.csproj", "{A1B2C3D4-E5F6-47A8-B9C0-D1E2F3A4B5C6}"
EndProject
Project("{FAE04EC0-301F-11D3-BF4B-00C04F79EFBC}") = "TaskManager.Application", "src\TaskManager.Application\TaskManager.Application.csproj", "{B2C3D4E5-F6A7-48B9-C0D1-E2F3A4B5C6D7}"
EndProject
Project("{FAE04EC0-301F-11D3-BF4B-00C04F79EFBC}") = "TaskManager.Infrastructure", "src\TaskManager.Infrastructure\TaskManager.Infrastructure.csproj", "{C3D4E5F6-A7B8-49CA-D1E2-F3A4B5C6D7E8}"
EndProject
Project("{FAE04EC0-301F-11D3-BF4B-00C04F79EFBC}") = "TaskManager.Api", "src\TaskManager.Api\TaskManager.Api.csproj", "{D4E5F6A7-B8C9-4ADB-E2F3-A4B5C6D7E8F9}"
EndProject
Project("{FAE04EC0-301F-11D3-BF4B-00C04F79EFBC}") = "TaskManager.Tests", "tests\TaskManager.Tests\TaskManager.Tests.csproj", "{E5F6A7B8-C9DA-4BEC-F3A4-B5C6D7E8F9A0}"
EndProject
Global
	GlobalSection(SolutionConfigurationPlatforms) = preSolution
		Debug|Any CPU = Debug|Any CPU
		Release|Any CPU = Release|Any CPU
	EndGlobalSection
	GlobalSection(ProjectConfigurationPlatforms) = postSolution
		{A1B2C3D4-E5F6-47A8-B9C0-D1E2F3A4B5C6}.Debug|Any CPU.ActiveCfg = Debug|Any CPU
		{A1B2C3D4-E5F6-47A8-B9C0-D1E2F3A4B5C6}.Debug|Any CPU.Build.0 = Debug|Any CPU
		{A1B2C3D4-E5F6-47A8-B9C0-D1E2F3A4B5C6}.Release|Any CPU.ActiveCfg = Release|Any CPU
		{A1B2C3D4-E5F6-47A8-B9C0-D1E2F3A4B5C6}.Release|Any CPU.Build.0 = Release|Any CPU
		{B2C3D4E5-F6A7-48B9-C0D1-E2F3A4B5C6D7}.Debug|Any CPU.ActiveCfg = Debug|Any CPU
		{B2C3D4E5-F6A7-48B9-C0D1-E2F3A4B5C6D7}.Debug|Any CPU.Build.0 = Debug|Any CPU
		{B2C3D4E5-F6A7-48B9-C0D1-E2F3A4B5C6D7}.Release|Any CPU.ActiveCfg = Release|Any CPU
		{B2C3D4E5-F6A7-48B9-C0D1-E2F3A4B5C6D7}.Release|Any CPU.Build.0 = Release|Any CPU
		{C3D4E5F6-A7B8-49CA-D1E2-F3A4B5C6D7E8}.Debug|Any CPU.ActiveCfg = Debug|Any CPU
		{C3D4E5F6-A7B8-49CA-D1E2-F3A4B5C6D7E8}.Debug|Any CPU.Build.0 = Debug|Any CPU
		{C3D4E5F6-A7B8-49CA-D1E2-F3A4B5C6D7E8}.Release|Any CPU.ActiveCfg = Release|Any CPU
		{C3D4E5F6-A7B8-49CA-D1E2-F3A4B5C6D7E8}.Release|Any CPU.Build.0 = Release|Any CPU
		{D4E5F6A7-B8C9-4ADB-E2F3-A4B5C6D7E8F9}.Debug|Any CPU.ActiveCfg = Debug|Any CPU
		{D4E5F6A7-B8C9-4ADB-E2F3-A4B5C6D7E8F9}.Debug|Any CPU.Build.0 = Debug|Any CPU
		{D4E5F6A7-B8C9-4ADB-E2F3-A4B5C6D7E8F9}.Release|Any CPU.ActiveCfg = Release|Any CPU
		{D4E5F6A7-B8C9-4ADB-E2F3-A4B5C6D7E8F9}.Release|Any CPU.Build.0 = Release|Any CPU
		{E5F6A7B8-C9DA-4BEC-F3A4-B5C6D7E8F9A0}.Debug|Any CPU.ActiveCfg = Debug|Any CPU
		{E5F6A7B8-C9DA-4BEC-F3A4-B5C6D7E8F9A0}.Debug|Any CPU.Build.0 = Debug|Any CPU
		{E5F6A7B8-C9DA-4BEC-F3A4-B5C6D7E8F9A0}.Release|Any CPU.ActiveCfg = Release|Any CPU
		{E5F6A7B8-C9DA-4BEC-F3A4-B5C6D7E8F9A0}.Release|Any CPU.Build.0 = Release|Any CPU
	EndGlobalSection
EndGlobal
